
Microsoft Visual Studio Solution File, Format Version 12.00
# Visual Studio Version 17
VisualStudioVersion = 17.0.31903.59
MinimumVisualStudioVersion = 10.0.40219.1
Project("{FAE04EC0-301F-11D3-BF4B-00C04F79EFBC}") = "VLSC_cautrucdulieuvagiaithuat", "VLSC_cautrucdulieuvagiaithuat.csproj", "{3DB9F368-5910-4D1C-8375-1D1855B43C42}"
EndProject
Project("{FAE04EC0-301F-11D3-BF4B-00C04F79EFBC}") = "DSA_Sesion04_Basics", "DSA_Sesion04_Basics\DSA_Sesion04_Basics.csproj", "{49306188-C6DD-4F93-9440-44EEBDF133F6}"
EndProject
Project("{FAE04EC0-301F-11D3-BF4B-00C04F79EFBC}") = "DSA_Session04_Sorting", "DSA_Session04_Sorting\DSA_Session04_Sorting.csproj", "{EC5FD140-E15B-4785-87C3-7DAD04ECF681}"
EndProject
Global
	GlobalSection(SolutionConfigurationPlatforms) = preSolution
		Debug|Any CPU = Debug|Any CPU
		Release|Any CPU = Release|Any CPU
	EndGlobalSection
	GlobalSection(SolutionProperties) = preSolution
		HideSolutionNode = FALSE
	EndGlobalSection
	GlobalSection(ProjectConfigurationPlatforms) = postSolution
		{3DB9F368-5910-4D1C-8375-1D1855B43C42}.Debug|Any CPU.ActiveCfg = Debug|Any CPU
		{3DB9F368-5910-4D1C-8375-1D1855B43C42}.Debug|Any CPU.Build.0 = Debug|Any CPU
		{3DB9F368-5910-4D1C-8375-1D1855B43C42}.Release|Any CPU.ActiveCfg = Release|Any CPU
		{3DB9F368-5910-4D1C-8375-1D1855B43C42}.Release|Any CPU.Build.0 = Release|Any CPU
		{49306188-C6DD-4F93-9440-44EEBDF133F6}.Debug|Any CPU.ActiveCfg = Debug|Any CPU
		{49306188-C6DD-4F93-9440-44EEBDF133F6}.Debug|Any CPU.Build.0 = Debug|Any CPU
		{49306188-C6DD-4F93-9440-44EEBDF133F6}.Release|Any CPU.ActiveCfg = Release|Any CPU
		{49306188-C6DD-4F93-9440-44EEBDF133F6}.Release|Any CPU.Build.0 = Release|Any CPU
		{EC5FD140-E15B-4785-87C3-7DAD04ECF681}.Debug|Any CPU.ActiveCfg = Debug|Any CPU
		{EC5FD140-E15B-4785-87C3-7DAD04ECF681}.Debug|Any CPU.Build.0 = Debug|Any CPU
		{EC5FD140-E15B-4785-87C3-7DAD04ECF681}.Release|Any CPU.ActiveCfg = Release|Any CPU
		{EC5FD140-E15B-4785-87C3-7DAD04ECF681}.Release|Any CPU.Build.0 = Release|Any CPU
	EndGlobalSection
EndGlobal
